// !$*UTF8*$!
{
	archiveVersion = 1;
	classes = {
	};
	objectVersion = 46;
	objects = {

/* Begin PBXBuildFile section */
		251CC04D1BDEC65200979205 /* main.m in Sources */ = {isa = PBXBuildFile; fileRef = 251CC04C1BDEC65200979205 /* main.m */; };
		251CC0501BDEC65200979205 /* AppDelegate.m in Sources */ = {isa = PBXBuildFile; fileRef = 251CC04F1BDEC65200979205 /* AppDelegate.m */; };
		251CC0531BDEC65200979205 /* ViewController.m in Sources */ = {isa = PBXBuildFile; fileRef = 251CC0521BDEC65200979205 /* ViewController.m */; };
		251CC0561BDEC65200979205 /* Main.storyboard in Resources */ = {isa = PBXBuildFile; fileRef = 251CC0541BDEC65200979205 /* Main.storyboard */; };
		251CC0591BDEC65200979205 /* relephant.xcdatamodeld in Sources */ = {isa = PBXBuildFile; fileRef = 251CC0571BDEC65200979205 /* relephant.xcdatamodeld */; };
		251CC05B1BDEC65200979205 /* Assets.xcassets in Resources */ = {isa = PBXBuildFile; fileRef = 251CC05A1BDEC65200979205 /* Assets.xcassets */; };
		251CC05E1BDEC65200979205 /* LaunchScreen.storyboard in Resources */ = {isa = PBXBuildFile; fileRef = 251CC05C1BDEC65200979205 /* LaunchScreen.storyboard */; };
		251CC0671BDEC78600979205 /* relephantGroupClass.m in Sources */ = {isa = PBXBuildFile; fileRef = 251CC0661BDEC78600979205 /* relephantGroupClass.m */; settings = {ASSET_TAGS = (); }; };
		251CC06A1BDEC7B800979205 /* relephantUserClass.m in Sources */ = {isa = PBXBuildFile; fileRef = 251CC0691BDEC7B800979205 /* relephantUserClass.m */; settings = {ASSET_TAGS = (); }; };
/* End PBXBuildFile section */

/* Begin PBXFileReference section */
		251CC0481BDEC65200979205 /* relephant.app */ = {isa = PBXFileReference; explicitFileType = wrapper.application; includeInIndex = 0; path = relephant.app; sourceTree = BUILT_PRODUCTS_DIR; };
		251CC04C1BDEC65200979205 /* main.m */ = {isa = PBXFileReference; lastKnownFileType = sourcecode.c.objc; path = main.m; sourceTree = "<group>"; };
		251CC04E1BDEC65200979205 /* AppDelegate.h */ = {isa = PBXFileReference; lastKnownFileType = sourcecode.c.h; path = AppDelegate.h; sourceTree = "<group>"; };
		251CC04F1BDEC65200979205 /* AppDelegate.m */ = {isa = PBXFileReference; lastKnownFileType = sourcecode.c.objc; path = AppDelegate.m; sourceTree = "<group>"; };
		251CC0511BDEC65200979205 /* ViewController.h */ = {isa = PBXFileReference; lastKnownFileType = sourcecode.c.h; path = ViewController.h; sourceTree = "<group>"; };
		251CC0521BDEC65200979205 /* ViewController.m */ = {isa = PBXFileReference; lastKnownFileType = sourcecode.c.objc; path = ViewController.m; sourceTree = "<group>"; };
		251CC0551BDEC65200979205 /* Base */ = {isa = PBXFileReference; lastKnownFileType = file.storyboard; name = Base; path = Base.lproj/Main.storyboard; sourceTree = "<group>"; };
		251CC0581BDEC65200979205 /* relephant.xcdatamodel */ = {isa = PBXFileReference; lastKnownFileType = wrapper.xcdatamodel; path = relephant.xcdatamodel; sourceTree = "<group>"; };
		251CC05A1BDEC65200979205 /* Assets.xcassets */ = {isa = PBXFileReference; lastKnownFileType = folder.assetcatalog; path = Assets.xcassets; sourceTree = "<group>"; };
		251CC05D1BDEC65200979205 /* Base */ = {isa = PBXFileReference; lastKnownFileType = file.storyboard; name = Base; path = Base.lproj/LaunchScreen.storyboard; sourceTree = "<group>"; };
		251CC05F1BDEC65200979205 /* Info.plist */ = {isa = PBXFileReference; lastKnownFileType = text.plist.xml; path = Info.plist; sourceTree = "<group>"; };
		251CC0651BDEC78600979205 /* relephantGroupClass.h */ = {isa = PBXFileReference; fileEncoding = 4; lastKnownFileType = sourcecode.c.h; path = relephantGroupClass.h; sourceTree = "<group>"; };
		251CC0661BDEC78600979205 /* relephantGroupClass.m */ = {isa = PBXFileReference; fileEncoding = 4; lastKnownFileType = sourcecode.c.objc; path = relephantGroupClass.m; sourceTree = "<group>"; };
		251CC0681BDEC7B800979205 /* relephantUserClass.h */ = {isa = PBXFileReference; fileEncoding = 4; lastKnownFileType = sourcecode.c.h; path = relephantUserClass.h; sourceTree = "<group>"; };
		251CC0691BDEC7B800979205 /* relephantUserClass.m */ = {isa = PBXFileReference; fileEncoding = 4; lastKnownFileType = sourcecode.c.objc; path = relephantUserClass.m; sourceTree = "<group>"; };
/* End PBXFileReference section */

/* Begin PBXFrameworksBuildPhase section */
		251CC0451BDEC65200979205 /* Frameworks */ = {
			isa = PBXFrameworksBuildPhase;
			buildActionMask = 2147483647;
			files = (
			);
			runOnlyForDeploymentPostprocessing = 0;
		};
/* End PBXFrameworksBuildPhase section */

/* Begin PBXGroup section */
		251CC03F1BDEC65200979205 = {
			isa = PBXGroup;
			children = (
				251CC04A1BDEC65200979205 /* relephant */,
				251CC0491BDEC65200979205 /* Products */,
			);
			sourceTree = "<group>";
		};
		251CC0491BDEC65200979205 /* Products */ = {
			isa = PBXGroup;
			children = (
				251CC0481BDEC65200979205 /* relephant.app */,
			);
			name = Products;
			sourceTree = "<group>";
		};
		251CC04A1BDEC65200979205 /* relephant */ = {
			isa = PBXGroup;
			children = (
				251CC0651BDEC78600979205 /* relephantGroupClass.h */,
				251CC0661BDEC78600979205 /* relephantGroupClass.m */,
				251CC0681BDEC7B800979205 /* relephantUserClass.h */,
				251CC0691BDEC7B800979205 /* relephantUserClass.m */,
				251CC04E1BDEC65200979205 /* AppDelegate.h */,
				251CC04F1BDEC65200979205 /* AppDelegate.m */,
				251CC0511BDEC65200979205 /* ViewController.h */,
				251CC0521BDEC65200979205 /* ViewController.m */,
				251CC0541BDEC65200979205 /* Main.storyboard */,
				251CC05A1BDEC65200979205 /* Assets.xcassets */,
				251CC05C1BDEC65200979205 /* LaunchScreen.storyboard */,
				251CC05F1BDEC65200979205 /* Info.plist */,
				251CC0571BDEC65200979205 /* relephant.xcdatamodeld */,
				251CC04B1BDEC65200979205 /* Supporting Files */,
			);
			path = relephant;
			sourceTree = "<group>";
		};
		251CC04B1BDEC65200979205 /* Supporting Files */ = {
			isa = PBXGroup;
			children = (
				251CC04C1BDEC65200979205 /* main.m */,
			);
			name = "Supporting Files";
			sourceTree = "<group>";
		};
/* End PBXGroup section */

/* Begin PBXNativeTarget section */
		251CC0471BDEC65200979205 /* relephant */ = {
			isa = PBXNativeTarget;
			buildConfigurationList = 251CC0621BDEC65200979205 /* Build configuration list for PBXNativeTarget "relephant" */;
			buildPhases = (
				251CC0441BDEC65200979205 /* Sources */,
				251CC0451BDEC65200979205 /* Frameworks */,
				251CC0461BDEC65200979205 /* Resources */,
			);
			buildRules = (
			);
			dependencies = (
			);
			name = relephant;
			productName = relephant;
			productReference = 251CC0481BDEC65200979205 /* relephant.app */;
			productType = "com.apple.product-type.application";
		};
/* End PBXNativeTarget section */

/* Begin PBXProject section */
		251CC0401BDEC65200979205 /* Project object */ = {
			isa = PBXProject;
			attributes = {
				LastUpgradeCheck = 0700;
				ORGANIZATIONNAME = synesthesia;
				TargetAttributes = {
					251CC0471BDEC65200979205 = {
						CreatedOnToolsVersion = 7.0.1;
						DevelopmentTeam = HPFU867C4Y;
					};
				};
			};
			buildConfigurationList = 251CC0431BDEC65200979205 /* Build configuration list for PBXProject "relephant" */;
			compatibilityVersion = "Xcode 3.2";
			developmentRegion = English;
			hasScannedForEncodings = 0;
			knownRegions = (
				en,
				Base,
			);
			mainGroup = 251CC03F1BDEC65200979205;
			productRefGroup = 251CC0491BDEC65200979205 /* Products */;
			projectDirPath = "";
			projectRoot = "";
			targets = (
				251CC0471BDEC65200979205 /* relephant */,
			);
		};
/* End PBXProject section */

/* Begin PBXResourcesBuildPhase section */
		251CC0461BDEC65200979205 /* Resources */ = {
			isa = PBXResourcesBuildPhase;
			buildActionMask = 2147483647;
			files = (
				251CC05E1BDEC65200979205 /* LaunchScreen.storyboard in Resources */,
				251CC05B1BDEC65200979205 /* Assets.xcassets in Resources */,
				251CC0561BDEC65200979205 /* Main.storyboard in Resources */,
			);
			runOnlyForDeploymentPostprocessing = 0;
		};
/* End PBXResourcesBuildPhase section */

/* Begin PBXSourcesBuildPhase section */
		251CC0441BDEC65200979205 /* Sources */ = {
			isa = PBXSourcesBuildPhase;
			buildActionMask = 2147483647;
			files = (
				251CC0531BDEC65200979205 /* ViewController.m in Sources */,
				251CC06A1BDEC7B800979205 /* relephantUserClass.m in Sources */,
				251CC0591BDEC65200979205 /* relephant.xcdatamodeld in Sources */,
				251CC0671BDEC78600979205 /* relephantGroupClass.m in Sources */,
				251CC0501BDEC65200979205 /* AppDelegate.m in Sources */,
				251CC04D1BDEC65200979205 /* main.m in Sources */,
			);
			runOnlyForDeploymentPostprocessing = 0;
		};
/* End PBXSourcesBuildPhase section */

/* Begin PBXVariantGroup section */
		251CC0541BDEC65200979205 /* Main.storyboard */ = {
			isa = PBXVariantGroup;
			children = (
				251CC0551BDEC65200979205 /* Base */,
			);
			name = Main.storyboard;
			sourceTree = "<group>";
		};
		251CC05C1BDEC65200979205 /* LaunchScreen.storyboard */ = {
			isa = PBXVariantGroup;
			children = (
				251CC05D1BDEC65200979205 /* Base */,
			);
			name = LaunchScreen.storyboard;
			sourceTree = "<group>";
		};
/* End PBXVariantGroup section */

/* Begin XCBuildConfiguration section */
		251CC0601BDEC65200979205 /* Debug */ = {
			isa = XCBuildConfiguration;
			buildSettings = {
				ALWAYS_SEARCH_USER_PATHS = NO;
				CLANG_CXX_LANGUAGE_STANDARD = "gnu++0x";
				CLANG_CXX_LIBRARY = "libc++";
				CLANG_ENABLE_MODULES = YES;
				CLANG_ENABLE_OBJC_ARC = YES;
				CLANG_WARN_BOOL_CONVERSION = YES;
				CLANG_WARN_CONSTANT_CONVERSION = YES;
				CLANG_WARN_DIRECT_OBJC_ISA_USAGE = YES_ERROR;
				CLANG_WARN_EMPTY_BODY = YES;
				CLANG_WARN_ENUM_CONVERSION = YES;
				CLANG_WARN_INT_CONVERSION = YES;
				CLANG_WARN_OBJC_ROOT_CLASS = YES_ERROR;
				CLANG_WARN_UNREACHABLE_CODE = YES;
				CLANG_WARN__DUPLICATE_METHOD_MATCH = YES;
				"CODE_SIGN_IDENTITY[sdk=iphoneos*]" = "iPhone Developer";
				COPY_PHASE_STRIP = NO;
				DEBUG_INFORMATION_FORMAT = dwarf;
				ENABLE_STRICT_OBJC_MSGSEND = YES;
				ENABLE_TESTABILITY = YES;
				GCC_C_LANGUAGE_STANDARD = gnu99;
				GCC_DYNAMIC_NO_PIC = NO;
				GCC_NO_COMMON_BLOCKS = YES;
				GCC_OPTIMIZATION_LEVEL = 0;
				GCC_PREPROCESSOR_DEFINITIONS = (
					"DEBUG=1",
					"$(inherited)",
				);
				GCC_WARN_64_TO_32_BIT_CONVERSION = YES;
				GCC_WARN_ABOUT_RETURN_TYPE = YES_ERROR;
				GCC_WARN_UNDECLARED_SELECTOR = YES;
				GCC_WARN_UNINITIALIZED_AUTOS = YES_AGGRESSIVE;
				GCC_WARN_UNUSED_FUNCTION = YES;
				GCC_WARN_UNUSED_VARIABLE = YES;
				IPHONEOS_DEPLOYMENT_TARGET = 9.0;
				MTL_ENABLE_DEBUG_INFO = YES;
				ONLY_ACTIVE_ARCH = YES;
				SDKROOT = iphoneos;
				TARGETED_DEVICE_FAMILY = "1,2";
			};
			name = Debug;
		};
		251CC0611BDEC65200979205 /* Release */ = {
			isa = XCBuildConfiguration;
			buildSettings = {
				ALWAYS_SEARCH_USER_PATHS = NO;
				CLANG_CXX_LANGUAGE_STANDARD = "gnu++0x";
				CLANG_CXX_LIBRARY = "libc++";
				CLANG_ENABLE_MODULES = YES;
				CLANG_ENABLE_OBJC_ARC = YES;
				CLANG_WARN_BOOL_CONVERSION = YES;
				CLANG_WARN_CONSTANT_CONVERSION = YES;
				CLANG_WARN_DIRECT_OBJC_ISA_USAGE = YES_ERROR;
				CLANG_WARN_EMPTY_BODY = YES;
				CLANG_WARN_ENUM_CONVERSION = YES;
				CLANG_WARN_INT_CONVERSION = YES;
				CLANG_WARN_OBJC_ROOT_CLASS = YES_ERROR;
				CLANG_WARN_UNREACHABLE_CODE = YES;
				CLANG_WARN__DUPLICATE_METHOD_MATCH = YES;
				"CODE_SIGN_IDENTITY[sdk=iphoneos*]" = "iPhone Developer";
				COPY_PHASE_STRIP = NO;
				DEBUG_INFORMATION_FORMAT = "dwarf-with-dsym";
				ENABLE_NS_ASSERTIONS = NO;
				ENABLE_STRICT_OBJC_MSGSEND = YES;
				GCC_C_LANGUAGE_STANDARD = gnu99;
				GCC_NO_COMMON_BLOCKS = YES;
				GCC_WARN_64_TO_32_BIT_CONVERSION = YES;
				GCC_WARN_ABOUT_RETURN_TYPE = YES_ERROR;
				GCC_WARN_UNDECLARED_SELECTOR = YES;
				GCC_WARN_UNINITIALIZED_AUTOS = YES_AGGRESSIVE;
				GCC_WARN_UNUSED_FUNCTION = YES;
				GCC_WARN_UNUSED_VARIABLE = YES;
				IPHONEOS_DEPLOYMENT_TARGET = 9.0;
				MTL_ENABLE_DEBUG_INFO = NO;
				SDKROOT = iphoneos;
				TARGETED_DEVICE_FAMILY = "1,2";
				VALIDATE_PRODUCT = YES;
			};
			name = Release;
		};
		251CC0631BDEC65200979205 /* Debug */ = {
			isa = XCBuildConfiguration;
			buildSettings = {
				ASSETCATALOG_COMPILER_APPICON_NAME = AppIcon;
				INFOPLIST_FILE = relephant/Info.plist;
				LD_RUNPATH_SEARCH_PATHS = "$(inherited) @executable_path/Frameworks";
				PRODUCT_BUNDLE_IDENTIFIER = synesthesia.relephant;
				PRODUCT_NAME = "$(TARGET_NAME)";
			};
			name = Debug;
		};
		251CC0641BDEC65200979205 /* Release */ = {
			isa = XCBuildConfiguration;
			buildSettings = {
				ASSETCATALOG_COMPILER_APPICON_NAME = AppIcon;
				INFOPLIST_FILE = relephant/Info.plist;
				LD_RUNPATH_SEARCH_PATHS = "$(inherited) @executable_path/Frameworks";
				PRODUCT_BUNDLE_IDENTIFIER = synesthesia.relephant;
				PRODUCT_NAME = "$(TARGET_NAME)";
			};
			name = Release;
		};
/* End XCBuildConfiguration section */

/* Begin XCConfigurationList section */
		251CC0431BDEC65200979205 /* Build configuration list for PBXProject "relephant" */ = {
			isa = XCConfigurationList;
			buildConfigurations = (
				251CC0601BDEC65200979205 /* Debug */,
				251CC0611BDEC65200979205 /* Release */,
			);
			defaultConfigurationIsVisible = 0;
			defaultConfigurationName = Release;
		};
		251CC0621BDEC65200979205 /* Build configuration list for PBXNativeTarget "relephant" */ = {
			isa = XCConfigurationList;
			buildConfigurations = (
				251CC0631BDEC65200979205 /* Debug */,
				251CC0641BDEC65200979205 /* Release */,
			);
			defaultConfigurationIsVisible = 0;
		};
/* End XCConfigurationList section */

/* Begin XCVersionGroup section */
		251CC0571BDEC65200979205 /* relephant.xcdatamodeld */ = {
			isa = XCVersionGroup;
			children = (
				251CC0581BDEC65200979205 /* relephant.xcdatamodel */,
			);
			currentVersion = 251CC0581BDEC65200979205 /* relephant.xcdatamodel */;
			path = relephant.xcdatamodeld;
			sourceTree = "<group>";
			versionGroupType = wrapper.xcdatamodel;
		};
/* End XCVersionGroup section */
	};
	rootObject = 251CC0401BDEC65200979205 /* Project object */;
}
